
Microsoft Visual Studio Solution File, Format Version 12.00
# Visual Studio Version 17
VisualStudioVersion = 17.10.35122.118
MinimumVisualStudioVersion = 10.0.40219.1
Project("{9A19103F-16F7-4668-BE54-9A1E7A4F7556}") = "Variables", "Variables\Variables.csproj", "{D495E452-73BE-4B28-9605-30293AFC899E}"
EndProject
Project("{9A19103F-16F7-4668-BE54-9A1E7A4F7556}") = "Conversion", "Conversion\Conversion.csproj", "{32C4D3A8-8B24-4369-A783-36868C6C8655}"
EndProject
Project("{9A19103F-16F7-4668-BE54-9A1E7A4F7556}") = "Operators", "Operators\Operators.csproj", "{24BD121C-11D4-4444-B5FA-6DFF2F96F9B0}"
EndProject
Project("{9A19103F-16F7-4668-BE54-9A1E7A4F7556}") = "Classes", "Classes\Classes.csproj", "{7C429E82-EF5B-4C8D-B3ED-49226CFF4EE4}"
EndProject
Project("{9A19103F-16F7-4668-BE54-9A1E7A4F7556}") = "Structures", "Structures\Structures.csproj", "{1FDAB286-B187-4C04-B432-739F001CFAB4}"
EndProject
Project("{9A19103F-16F7-4668-BE54-9A1E7A4F7556}") = "Arrays", "Arrays\Arrays.csproj", "{CBED39B5-DC3B-421D-8F19-1B5C45A76C7C}"
EndProject
Project("{9A19103F-16F7-4668-BE54-9A1E7A4F7556}") = "Strings", "Strings\Strings.csproj", "{64BEF88D-AAA5-4029-BA3D-07CE13A4D476}"
EndProject
Project("{9A19103F-16F7-4668-BE54-9A1E7A4F7556}") = "if.else&case", "if.else&case\if.else&case.csproj", "{2F7C5C7A-436B-472C-BF76-591F8AA296BD}"
EndProject
Project("{9A19103F-16F7-4668-BE54-9A1E7A4F7556}") = "Enums", "Enums\Enums.csproj", "{66C78A67-FB99-412F-B2EF-285E2B1A1753}"
EndProject
Project("{9A19103F-16F7-4668-BE54-9A1E7A4F7556}") = "Exercise-1", "Exercise-1\Exercise-1.csproj", "{569F8CFE-3B0B-4F3C-90D3-6776A5628031}"
EndProject
Project("{9A19103F-16F7-4668-BE54-9A1E7A4F7556}") = "Exercise-2", "Exercise-2\Exercise-2.csproj", "{6328096B-9D88-49DF-9DDD-7F47AB6E6371}"
EndProject
Project("{9A19103F-16F7-4668-BE54-9A1E7A4F7556}") = "Exercise-3", "Exercise-3\Exercise-3.csproj", "{1175EE73-E4A8-4E0A-B953-4715655B0A15}"
EndProject
Project("{9A19103F-16F7-4668-BE54-9A1E7A4F7556}") = "Exercise-4", "Exercise-4\Exercise-4.csproj", "{8D4960BE-468B-45D6-A044-CA7CD34C5E5E}"
EndProject
Project("{9A19103F-16F7-4668-BE54-9A1E7A4F7556}") = "Loops", "Loops\Loops.csproj", "{2F81605A-E867-46D6-B3EB-387BC2323863}"
EndProject
Project("{9A19103F-16F7-4668-BE54-9A1E7A4F7556}") = "Exercise-5", "Exercise-5\Exercise-5.csproj", "{F0AA97E1-53AF-49E8-9419-350E1ED28FA1}"
EndProject
Project("{9A19103F-16F7-4668-BE54-9A1E7A4F7556}") = "Exercise-6", "Exercise-6\Exercise-6.csproj", "{4E0190A0-E591-4E52-853C-A7DE4FD0E810}"
EndProject
Project("{9A19103F-16F7-4668-BE54-9A1E7A4F7556}") = "Exercise-7", "Exercise-7\Exercise-7.csproj", "{9F01C558-49EB-4F6E-A74F-349E4C95325C}"
EndProject
Project("{9A19103F-16F7-4668-BE54-9A1E7A4F7556}") = "Exercise-8", "Exercise-8\Exercise-8.csproj", "{66C3038E-F2AB-4B95-AF1C-E74C71A0536D}"
EndProject
Project("{9A19103F-16F7-4668-BE54-9A1E7A4F7556}") = "Exercise-9", "Exercise-9\Exercise-9.csproj", "{EA9D03B4-6E4F-4AD8-B522-B37893B5F7C1}"
EndProject
Project("{FAE04EC0-301F-11D3-BF4B-00C04F79EFBC}") = "Arrays&Lists", "Arrays-2\Arrays&Lists.csproj", "{64EC6923-BF9F-476D-8C81-DB7FEC77720B}"
EndProject
Project("{FAE04EC0-301F-11D3-BF4B-00C04F79EFBC}") = "DateTime&TimeSpan", "DateTime&TimeSpan\DateTime&TimeSpan.csproj", "{1E074D6C-69E0-4D22-AC6A-5B6101D8679E}"
EndProject
Global
	GlobalSection(SolutionConfigurationPlatforms) = preSolution
		Debug|Any CPU = Debug|Any CPU
		Release|Any CPU = Release|Any CPU
	EndGlobalSection
	GlobalSection(ProjectConfigurationPlatforms) = postSolution
		{D495E452-73BE-4B28-9605-30293AFC899E}.Debug|Any CPU.ActiveCfg = Debug|Any CPU
		{D495E452-73BE-4B28-9605-30293AFC899E}.Debug|Any CPU.Build.0 = Debug|Any CPU
		{D495E452-73BE-4B28-9605-30293AFC899E}.Release|Any CPU.ActiveCfg = Release|Any CPU
		{D495E452-73BE-4B28-9605-30293AFC899E}.Release|Any CPU.Build.0 = Release|Any CPU
		{32C4D3A8-8B24-4369-A783-36868C6C8655}.Debug|Any CPU.ActiveCfg = Debug|Any CPU
		{32C4D3A8-8B24-4369-A783-36868C6C8655}.Debug|Any CPU.Build.0 = Debug|Any CPU
		{32C4D3A8-8B24-4369-A783-36868C6C8655}.Release|Any CPU.ActiveCfg = Release|Any CPU
		{32C4D3A8-8B24-4369-A783-36868C6C8655}.Release|Any CPU.Build.0 = Release|Any CPU
		{24BD121C-11D4-4444-B5FA-6DFF2F96F9B0}.Debug|Any CPU.ActiveCfg = Debug|Any CPU
		{24BD121C-11D4-4444-B5FA-6DFF2F96F9B0}.Debug|Any CPU.Build.0 = Debug|Any CPU
		{24BD121C-11D4-4444-B5FA-6DFF2F96F9B0}.Release|Any CPU.ActiveCfg = Release|Any CPU
		{24BD121C-11D4-4444-B5FA-6DFF2F96F9B0}.Release|Any CPU.Build.0 = Release|Any CPU
		{7C429E82-EF5B-4C8D-B3ED-49226CFF4EE4}.Debug|Any CPU.ActiveCfg = Debug|Any CPU
		{7C429E82-EF5B-4C8D-B3ED-49226CFF4EE4}.Debug|Any CPU.Build.0 = Debug|Any CPU
		{7C429E82-EF5B-4C8D-B3ED-49226CFF4EE4}.Release|Any CPU.ActiveCfg = Release|Any CPU
		{7C429E82-EF5B-4C8D-B3ED-49226CFF4EE4}.Release|Any CPU.Build.0 = Release|Any CPU
		{1FDAB286-B187-4C04-B432-739F001CFAB4}.Debug|Any CPU.ActiveCfg = Debug|Any CPU
		{1FDAB286-B187-4C04-B432-739F001CFAB4}.Debug|Any CPU.Build.0 = Debug|Any CPU
		{1FDAB286-B187-4C04-B432-739F001CFAB4}.Release|Any CPU.ActiveCfg = Release|Any CPU
		{1FDAB286-B187-4C04-B432-739F001CFAB4}.Release|Any CPU.Build.0 = Release|Any CPU
		{CBED39B5-DC3B-421D-8F19-1B5C45A76C7C}.Debug|Any CPU.ActiveCfg = Debug|Any CPU
		{CBED39B5-DC3B-421D-8F19-1B5C45A76C7C}.Debug|Any CPU.Build.0 = Debug|Any CPU
		{CBED39B5-DC3B-421D-8F19-1B5C45A76C7C}.Release|Any CPU.ActiveCfg = Release|Any CPU
		{CBED39B5-DC3B-421D-8F19-1B5C45A76C7C}.Release|Any CPU.Build.0 = Release|Any CPU
		{64BEF88D-AAA5-4029-BA3D-07CE13A4D476}.Debug|Any CPU.ActiveCfg = Debug|Any CPU
		{64BEF88D-AAA5-4029-BA3D-07CE13A4D476}.Debug|Any CPU.Build.0 = Debug|Any CPU
		{64BEF88D-AAA5-4029-BA3D-07CE13A4D476}.Release|Any CPU.ActiveCfg = Release|Any CPU
		{64BEF88D-AAA5-4029-BA3D-07CE13A4D476}.Release|Any CPU.Build.0 = Release|Any CPU
		{2F7C5C7A-436B-472C-BF76-591F8AA296BD}.Debug|Any CPU.ActiveCfg = Debug|Any CPU
		{2F7C5C7A-436B-472C-BF76-591F8AA296BD}.Debug|Any CPU.Build.0 = Debug|Any CPU
		{2F7C5C7A-436B-472C-BF76-591F8AA296BD}.Release|Any CPU.ActiveCfg = Release|Any CPU
		{2F7C5C7A-436B-472C-BF76-591F8AA296BD}.Release|Any CPU.Build.0 = Release|Any CPU
		{66C78A67-FB99-412F-B2EF-285E2B1A1753}.Debug|Any CPU.ActiveCfg = Debug|Any CPU
		{66C78A67-FB99-412F-B2EF-285E2B1A1753}.Debug|Any CPU.Build.0 = Debug|Any CPU
		{66C78A67-FB99-412F-B2EF-285E2B1A1753}.Release|Any CPU.ActiveCfg = Release|Any CPU
		{66C78A67-FB99-412F-B2EF-285E2B1A1753}.Release|Any CPU.Build.0 = Release|Any CPU
		{569F8CFE-3B0B-4F3C-90D3-6776A5628031}.Debug|Any CPU.ActiveCfg = Debug|Any CPU
		{569F8CFE-3B0B-4F3C-90D3-6776A5628031}.Debug|Any CPU.Build.0 = Debug|Any CPU
		{569F8CFE-3B0B-4F3C-90D3-6776A5628031}.Release|Any CPU.ActiveCfg = Release|Any CPU
		{569F8CFE-3B0B-4F3C-90D3-6776A5628031}.Release|Any CPU.Build.0 = Release|Any CPU
		{6328096B-9D88-49DF-9DDD-7F47AB6E6371}.Debug|Any CPU.ActiveCfg = Debug|Any CPU
		{6328096B-9D88-49DF-9DDD-7F47AB6E6371}.Debug|Any CPU.Build.0 = Debug|Any CPU
		{6328096B-9D88-49DF-9DDD-7F47AB6E6371}.Release|Any CPU.ActiveCfg = Release|Any CPU
		{6328096B-9D88-49DF-9DDD-7F47AB6E6371}.Release|Any CPU.Build.0 = Release|Any CPU
		{1175EE73-E4A8-4E0A-B953-4715655B0A15}.Debug|Any CPU.ActiveCfg = Debug|Any CPU
		{1175EE73-E4A8-4E0A-B953-4715655B0A15}.Debug|Any CPU.Build.0 = Debug|Any CPU
		{1175EE73-E4A8-4E0A-B953-4715655B0A15}.Release|Any CPU.ActiveCfg = Release|Any CPU
		{1175EE73-E4A8-4E0A-B953-4715655B0A15}.Release|Any CPU.Build.0 = Release|Any CPU
		{8D4960BE-468B-45D6-A044-CA7CD34C5E5E}.Debug|Any CPU.ActiveCfg = Debug|Any CPU
		{8D4960BE-468B-45D6-A044-CA7CD34C5E5E}.Debug|Any CPU.Build.0 = Debug|Any CPU
		{8D4960BE-468B-45D6-A044-CA7CD34C5E5E}.Release|Any CPU.ActiveCfg = Release|Any CPU
		{8D4960BE-468B-45D6-A044-CA7CD34C5E5E}.Release|Any CPU.Build.0 = Release|Any CPU
		{2F81605A-E867-46D6-B3EB-387BC2323863}.Debug|Any CPU.ActiveCfg = Debug|Any CPU
		{2F81605A-E867-46D6-B3EB-387BC2323863}.Debug|Any CPU.Build.0 = Debug|Any CPU
		{2F81605A-E867-46D6-B3EB-387BC2323863}.Release|Any CPU.ActiveCfg = Release|Any CPU
		{2F81605A-E867-46D6-B3EB-387BC2323863}.Release|Any CPU.Build.0 = Release|Any CPU
		{F0AA97E1-53AF-49E8-9419-350E1ED28FA1}.Debug|Any CPU.ActiveCfg = Debug|Any CPU
		{F0AA97E1-53AF-49E8-9419-350E1ED28FA1}.Debug|Any CPU.Build.0 = Debug|Any CPU
		{F0AA97E1-53AF-49E8-9419-350E1ED28FA1}.Release|Any CPU.ActiveCfg = Release|Any CPU
		{F0AA97E1-53AF-49E8-9419-350E1ED28FA1}.Release|Any CPU.Build.0 = Release|Any CPU
		{4E0190A0-E591-4E52-853C-A7DE4FD0E810}.Debug|Any CPU.ActiveCfg = Debug|Any CPU
		{4E0190A0-E591-4E52-853C-A7DE4FD0E810}.Debug|Any CPU.Build.0 = Debug|Any CPU
		{4E0190A0-E591-4E52-853C-A7DE4FD0E810}.Release|Any CPU.ActiveCfg = Release|Any CPU
		{4E0190A0-E591-4E52-853C-A7DE4FD0E810}.Release|Any CPU.Build.0 = Release|Any CPU
		{9F01C558-49EB-4F6E-A74F-349E4C95325C}.Debug|Any CPU.ActiveCfg = Debug|Any CPU
		{9F01C558-49EB-4F6E-A74F-349E4C95325C}.Debug|Any CPU.Build.0 = Debug|Any CPU
		{9F01C558-49EB-4F6E-A74F-349E4C95325C}.Release|Any CPU.ActiveCfg = Release|Any CPU
		{9F01C558-49EB-4F6E-A74F-349E4C95325C}.Release|Any CPU.Build.0 = Release|Any CPU
		{66C3038E-F2AB-4B95-AF1C-E74C71A0536D}.Debug|Any CPU.ActiveCfg = Debug|Any CPU
		{66C3038E-F2AB-4B95-AF1C-E74C71A0536D}.Debug|Any CPU.Build.0 = Debug|Any CPU
		{66C3038E-F2AB-4B95-AF1C-E74C71A0536D}.Release|Any CPU.ActiveCfg = Release|Any CPU
		{66C3038E-F2AB-4B95-AF1C-E74C71A0536D}.Release|Any CPU.Build.0 = Release|Any CPU
		{EA9D03B4-6E4F-4AD8-B522-B37893B5F7C1}.Debug|Any CPU.ActiveCfg = Debug|Any CPU
		{EA9D03B4-6E4F-4AD8-B522-B37893B5F7C1}.Debug|Any CPU.Build.0 = Debug|Any CPU
		{EA9D03B4-6E4F-4AD8-B522-B37893B5F7C1}.Release|Any CPU.ActiveCfg = Release|Any CPU
		{EA9D03B4-6E4F-4AD8-B522-B37893B5F7C1}.Release|Any CPU.Build.0 = Release|Any CPU
		{64EC6923-BF9F-476D-8C81-DB7FEC77720B}.Debug|Any CPU.ActiveCfg = Debug|Any CPU
		{64EC6923-BF9F-476D-8C81-DB7FEC77720B}.Debug|Any CPU.Build.0 = Debug|Any CPU
		{64EC6923-BF9F-476D-8C81-DB7FEC77720B}.Release|Any CPU.ActiveCfg = Release|Any CPU
		{64EC6923-BF9F-476D-8C81-DB7FEC77720B}.Release|Any CPU.Build.0 = Release|Any CPU
		{1E074D6C-69E0-4D22-AC6A-5B6101D8679E}.Debug|Any CPU.ActiveCfg = Debug|Any CPU
		{1E074D6C-69E0-4D22-AC6A-5B6101D8679E}.Debug|Any CPU.Build.0 = Debug|Any CPU
		{1E074D6C-69E0-4D22-AC6A-5B6101D8679E}.Release|Any CPU.ActiveCfg = Release|Any CPU
		{1E074D6C-69E0-4D22-AC6A-5B6101D8679E}.Release|Any CPU.Build.0 = Release|Any CPU
	EndGlobalSection
	GlobalSection(SolutionProperties) = preSolution
		HideSolutionNode = FALSE
	EndGlobalSection
	GlobalSection(ExtensibilityGlobals) = postSolution
		SolutionGuid = {5C1801B5-971E-41E8-8EC4-98755FEDDB08}
	EndGlobalSection
EndGlobal
